// !$*UTF8*$!
{
	archiveVersion = 1;
	classes = {
	};
	objectVersion = 48;
	objects = {

/* Begin PBXBuildFile section */
		5F355725215ECB7F00E9EE99 /* RCheckbox.swift in Sources */ = {isa = PBXBuildFile; fileRef = 5F355724215ECB7F00E9EE99 /* RCheckbox.swift */; };
		5F355727215ECF3E00E9EE99 /* RChooser.swift in Sources */ = {isa = PBXBuildFile; fileRef = 5F355726215ECF3E00E9EE99 /* RChooser.swift */; };
		5F355729215ED0F200E9EE99 /* RCounter.swift in Sources */ = {isa = PBXBuildFile; fileRef = 5F355728215ED0F200E9EE99 /* RCounter.swift */; };
		5F35572B215ED2C600E9EE99 /* RDivider.swift in Sources */ = {isa = PBXBuildFile; fileRef = 5F35572A215ED2C600E9EE99 /* RDivider.swift */; };
		5F35572D215ED39A00E9EE99 /* RSlider.swift in Sources */ = {isa = PBXBuildFile; fileRef = 5F35572C215ED39A00E9EE99 /* RSlider.swift */; };
		5F35572F215ED45200E9EE99 /* RStopwatch.swift in Sources */ = {isa = PBXBuildFile; fileRef = 5F35572E215ED45200E9EE99 /* RStopwatch.swift */; };
		5F355731215ED51200E9EE99 /* RTextfield.swift in Sources */ = {isa = PBXBuildFile; fileRef = 5F355730215ED51200E9EE99 /* RTextfield.swift */; };
		5F355733215ED81800E9EE99 /* Notes.rtf in Resources */ = {isa = PBXBuildFile; fileRef = 5F355732215ED81800E9EE99 /* Notes.rtf */; };
		5F9308D7214C53F40093FCD2 /* AppDelegate.swift in Sources */ = {isa = PBXBuildFile; fileRef = 5F9308D6214C53F40093FCD2 /* AppDelegate.swift */; };
		5F9308D9214C53F40093FCD2 /* ViewController.swift in Sources */ = {isa = PBXBuildFile; fileRef = 5F9308D8214C53F40093FCD2 /* ViewController.swift */; };
		5F9308DC214C53F40093FCD2 /* Main.storyboard in Resources */ = {isa = PBXBuildFile; fileRef = 5F9308DA214C53F40093FCD2 /* Main.storyboard */; };
		5F9308DE214C53F40093FCD2 /* Assets.xcassets in Resources */ = {isa = PBXBuildFile; fileRef = 5F9308DD214C53F40093FCD2 /* Assets.xcassets */; };
		5F9308E1214C53F40093FCD2 /* LaunchScreen.storyboard in Resources */ = {isa = PBXBuildFile; fileRef = 5F9308DF214C53F40093FCD2 /* LaunchScreen.storyboard */; };
		5F9308EB214C57300093FCD2 /* RTab.swift in Sources */ = {isa = PBXBuildFile; fileRef = 5F9308EA214C57300093FCD2 /* RTab.swift */; };
		5F9308ED214C587E0093FCD2 /* RTeam.swift in Sources */ = {isa = PBXBuildFile; fileRef = 5F9308EC214C587E0093FCD2 /* RTeam.swift */; };
		5F9308EF214C59BB0093FCD2 /* RForm.swift in Sources */ = {isa = PBXBuildFile; fileRef = 5F9308EE214C59BB0093FCD2 /* RForm.swift */; };
		5F9308F2214C5A260093FCD2 /* RMetric.swift in Sources */ = {isa = PBXBuildFile; fileRef = 5F9308F1214C5A260093FCD2 /* RMetric.swift */; };
		5F9308F4214C5B960093FCD2 /* RBoolean.swift in Sources */ = {isa = PBXBuildFile; fileRef = 5F9308F3214C5B960093FCD2 /* RBoolean.swift */; };
		5F9308F6214C5EB10093FCD2 /* RCalculation.swift in Sources */ = {isa = PBXBuildFile; fileRef = 5F9308F5214C5EB10093FCD2 /* RCalculation.swift */; };
		5FA41D70217A5481002637B0 /* RSettings.swift in Sources */ = {isa = PBXBuildFile; fileRef = 5FA41D6F217A5481002637B0 /* RSettings.swift */; };
		5FA41D72217A557A002637B0 /* RSyncSettings.swift in Sources */ = {isa = PBXBuildFile; fileRef = 5FA41D71217A557A002637B0 /* RSyncSettings.swift */; };
		5FA41D74217A561A002637B0 /* RCheckout.swift in Sources */ = {isa = PBXBuildFile; fileRef = 5FA41D73217A561A002637B0 /* RCheckout.swift */; };
/* End PBXBuildFile section */

/* Begin PBXFileReference section */
		5F355724215ECB7F00E9EE99 /* RCheckbox.swift */ = {isa = PBXFileReference; lastKnownFileType = sourcecode.swift; path = RCheckbox.swift; sourceTree = "<group>"; };
		5F355726215ECF3E00E9EE99 /* RChooser.swift */ = {isa = PBXFileReference; lastKnownFileType = sourcecode.swift; path = RChooser.swift; sourceTree = "<group>"; };
		5F355728215ED0F200E9EE99 /* RCounter.swift */ = {isa = PBXFileReference; lastKnownFileType = sourcecode.swift; path = RCounter.swift; sourceTree = "<group>"; };
		5F35572A215ED2C600E9EE99 /* RDivider.swift */ = {isa = PBXFileReference; lastKnownFileType = sourcecode.swift; path = RDivider.swift; sourceTree = "<group>"; };
		5F35572C215ED39A00E9EE99 /* RSlider.swift */ = {isa = PBXFileReference; lastKnownFileType = sourcecode.swift; path = RSlider.swift; sourceTree = "<group>"; };
		5F35572E215ED45200E9EE99 /* RStopwatch.swift */ = {isa = PBXFileReference; lastKnownFileType = sourcecode.swift; path = RStopwatch.swift; sourceTree = "<group>"; };
		5F355730215ED51200E9EE99 /* RTextfield.swift */ = {isa = PBXFileReference; lastKnownFileType = sourcecode.swift; path = RTextfield.swift; sourceTree = "<group>"; };
		5F355732215ED81800E9EE99 /* Notes.rtf */ = {isa = PBXFileReference; lastKnownFileType = text.rtf; path = Notes.rtf; sourceTree = "<group>"; };
		5F9308D3214C53F40093FCD2 /* RobluScouterIOS.app */ = {isa = PBXFileReference; explicitFileType = wrapper.application; includeInIndex = 0; path = RobluScouterIOS.app; sourceTree = BUILT_PRODUCTS_DIR; };
		5F9308D6214C53F40093FCD2 /* AppDelegate.swift */ = {isa = PBXFileReference; lastKnownFileType = sourcecode.swift; path = AppDelegate.swift; sourceTree = "<group>"; };
		5F9308D8214C53F40093FCD2 /* ViewController.swift */ = {isa = PBXFileReference; lastKnownFileType = sourcecode.swift; path = ViewController.swift; sourceTree = "<group>"; };
		5F9308DB214C53F40093FCD2 /* Base */ = {isa = PBXFileReference; lastKnownFileType = file.storyboard; name = Base; path = Base.lproj/Main.storyboard; sourceTree = "<group>"; };
		5F9308DD214C53F40093FCD2 /* Assets.xcassets */ = {isa = PBXFileReference; lastKnownFileType = folder.assetcatalog; path = Assets.xcassets; sourceTree = "<group>"; };
		5F9308E0214C53F40093FCD2 /* Base */ = {isa = PBXFileReference; lastKnownFileType = file.storyboard; name = Base; path = Base.lproj/LaunchScreen.storyboard; sourceTree = "<group>"; };
		5F9308E2214C53F40093FCD2 /* Info.plist */ = {isa = PBXFileReference; lastKnownFileType = text.plist.xml; path = Info.plist; sourceTree = "<group>"; };
		5F9308EA214C57300093FCD2 /* RTab.swift */ = {isa = PBXFileReference; lastKnownFileType = sourcecode.swift; path = RTab.swift; sourceTree = "<group>"; };
		5F9308EC214C587E0093FCD2 /* RTeam.swift */ = {isa = PBXFileReference; lastKnownFileType = sourcecode.swift; path = RTeam.swift; sourceTree = "<group>"; };
		5F9308EE214C59BB0093FCD2 /* RForm.swift */ = {isa = PBXFileReference; lastKnownFileType = sourcecode.swift; path = RForm.swift; sourceTree = "<group>"; };
		5F9308F1214C5A260093FCD2 /* RMetric.swift */ = {isa = PBXFileReference; lastKnownFileType = sourcecode.swift; path = RMetric.swift; sourceTree = "<group>"; };
		5F9308F3214C5B960093FCD2 /* RBoolean.swift */ = {isa = PBXFileReference; lastKnownFileType = sourcecode.swift; path = RBoolean.swift; sourceTree = "<group>"; };
		5F9308F5214C5EB10093FCD2 /* RCalculation.swift */ = {isa = PBXFileReference; lastKnownFileType = sourcecode.swift; path = RCalculation.swift; sourceTree = "<group>"; };
		5FA41D6F217A5481002637B0 /* RSettings.swift */ = {isa = PBXFileReference; lastKnownFileType = sourcecode.swift; path = RSettings.swift; sourceTree = "<group>"; };
		5FA41D71217A557A002637B0 /* RSyncSettings.swift */ = {isa = PBXFileReference; lastKnownFileType = sourcecode.swift; path = RSyncSettings.swift; sourceTree = "<group>"; };
		5FA41D73217A561A002637B0 /* RCheckout.swift */ = {isa = PBXFileReference; lastKnownFileType = sourcecode.swift; path = RCheckout.swift; sourceTree = "<group>"; };
/* End PBXFileReference section */

/* Begin PBXFrameworksBuildPhase section */
		5F9308D0214C53F40093FCD2 /* Frameworks */ = {
			isa = PBXFrameworksBuildPhase;
			buildActionMask = 2147483647;
			files = (
			);
			runOnlyForDeploymentPostprocessing = 0;
		};
/* End PBXFrameworksBuildPhase section */

/* Begin PBXGroup section */
		5F9308CA214C53F40093FCD2 = {
			isa = PBXGroup;
			children = (
				5F9308D5214C53F40093FCD2 /* RobluScouterIOS */,
				5F9308D4214C53F40093FCD2 /* Products */,
			);
			sourceTree = "<group>";
		};
		5F9308D4214C53F40093FCD2 /* Products */ = {
			isa = PBXGroup;
			children = (
				5F9308D3214C53F40093FCD2 /* RobluScouterIOS.app */,
			);
			name = Products;
			sourceTree = "<group>";
		};
		5F9308D5214C53F40093FCD2 /* RobluScouterIOS */ = {
			isa = PBXGroup;
			children = (
				5F9308E9214C56F40093FCD2 /* models */,
				5F9308D6214C53F40093FCD2 /* AppDelegate.swift */,
				5F9308D8214C53F40093FCD2 /* ViewController.swift */,
				5F9308DA214C53F40093FCD2 /* Main.storyboard */,
				5F9308DD214C53F40093FCD2 /* Assets.xcassets */,
				5F9308DF214C53F40093FCD2 /* LaunchScreen.storyboard */,
				5F9308E2214C53F40093FCD2 /* Info.plist */,
			);
			path = RobluScouterIOS;
			sourceTree = "<group>";
		};
		5F9308E9214C56F40093FCD2 /* models */ = {
			isa = PBXGroup;
			children = (
				5F9308F0214C5A030093FCD2 /* metrics */,
				5F9308EA214C57300093FCD2 /* RTab.swift */,
				5F9308EC214C587E0093FCD2 /* RTeam.swift */,
				5F9308EE214C59BB0093FCD2 /* RForm.swift */,
				5F355732215ED81800E9EE99 /* Notes.rtf */,
				5FA41D6F217A5481002637B0 /* RSettings.swift */,
				5FA41D71217A557A002637B0 /* RSyncSettings.swift */,
				5FA41D73217A561A002637B0 /* RCheckout.swift */,
			);
			path = models;
			sourceTree = "<group>";
		};
		5F9308F0214C5A030093FCD2 /* metrics */ = {
			isa = PBXGroup;
			children = (
				5F9308F1214C5A260093FCD2 /* RMetric.swift */,
				5F9308F3214C5B960093FCD2 /* RBoolean.swift */,
				5F9308F5214C5EB10093FCD2 /* RCalculation.swift */,
				5F355724215ECB7F00E9EE99 /* RCheckbox.swift */,
				5F355726215ECF3E00E9EE99 /* RChooser.swift */,
				5F355728215ED0F200E9EE99 /* RCounter.swift */,
				5F35572A215ED2C600E9EE99 /* RDivider.swift */,
				5F35572C215ED39A00E9EE99 /* RSlider.swift */,
				5F35572E215ED45200E9EE99 /* RStopwatch.swift */,
				5F355730215ED51200E9EE99 /* RTextfield.swift */,
			);
			path = metrics;
			sourceTree = "<group>";
		};
/* End PBXGroup section */

/* Begin PBXNativeTarget section */
		5F9308D2214C53F40093FCD2 /* RobluScouterIOS */ = {
			isa = PBXNativeTarget;
			buildConfigurationList = 5F9308E5214C53F40093FCD2 /* Build configuration list for PBXNativeTarget "RobluScouterIOS" */;
			buildPhases = (
				5F9308CF214C53F40093FCD2 /* Sources */,
				5F9308D0214C53F40093FCD2 /* Frameworks */,
				5F9308D1214C53F40093FCD2 /* Resources */,
			);
			buildRules = (
			);
			dependencies = (
			);
			name = RobluScouterIOS;
			productName = RobluScouterIOS;
			productReference = 5F9308D3214C53F40093FCD2 /* RobluScouterIOS.app */;
			productType = "com.apple.product-type.application";
		};
/* End PBXNativeTarget section */

/* Begin PBXProject section */
		5F9308CB214C53F40093FCD2 /* Project object */ = {
			isa = PBXProject;
			attributes = {
				LastSwiftUpdateCheck = 0900;
				LastUpgradeCheck = 0900;
				ORGANIZATIONNAME = "Will H Davies";
				TargetAttributes = {
					5F9308D2214C53F40093FCD2 = {
						CreatedOnToolsVersion = 9.0;
						ProvisioningStyle = Automatic;
					};
				};
			};
			buildConfigurationList = 5F9308CE214C53F40093FCD2 /* Build configuration list for PBXProject "RobluScouterIOS" */;
			compatibilityVersion = "Xcode 8.0";
			developmentRegion = en;
			hasScannedForEncodings = 0;
			knownRegions = (
				en,
				Base,
			);
			mainGroup = 5F9308CA214C53F40093FCD2;
			productRefGroup = 5F9308D4214C53F40093FCD2 /* Products */;
			projectDirPath = "";
			projectRoot = "";
			targets = (
				5F9308D2214C53F40093FCD2 /* RobluScouterIOS */,
			);
		};
/* End PBXProject section */

/* Begin PBXResourcesBuildPhase section */
		5F9308D1214C53F40093FCD2 /* Resources */ = {
			isa = PBXResourcesBuildPhase;
			buildActionMask = 2147483647;
			files = (
				5F355733215ED81800E9EE99 /* Notes.rtf in Resources */,
				5F9308E1214C53F40093FCD2 /* LaunchScreen.storyboard in Resources */,
				5F9308DE214C53F40093FCD2 /* Assets.xcassets in Resources */,
				5F9308DC214C53F40093FCD2 /* Main.storyboard in Resources */,
			);
			runOnlyForDeploymentPostprocessing = 0;
		};
/* End PBXResourcesBuildPhase section */

/* Begin PBXSourcesBuildPhase section */
		5F9308CF214C53F40093FCD2 /* Sources */ = {
			isa = PBXSourcesBuildPhase;
			buildActionMask = 2147483647;
			files = (
				5F9308D9214C53F40093FCD2 /* ViewController.swift in Sources */,
				5F9308EF214C59BB0093FCD2 /* RForm.swift in Sources */,
				5F355731215ED51200E9EE99 /* RTextfield.swift in Sources */,
				5F355729215ED0F200E9EE99 /* RCounter.swift in Sources */,
				5F355727215ECF3E00E9EE99 /* RChooser.swift in Sources */,
				5F35572D215ED39A00E9EE99 /* RSlider.swift in Sources */,
				5F9308EB214C57300093FCD2 /* RTab.swift in Sources */,
				5F9308D7214C53F40093FCD2 /* AppDelegate.swift in Sources */,
				5F9308F2214C5A260093FCD2 /* RMetric.swift in Sources */,
				5F35572F215ED45200E9EE99 /* RStopwatch.swift in Sources */,
				5FA41D74217A561A002637B0 /* RCheckout.swift in Sources */,
				5F355725215ECB7F00E9EE99 /* RCheckbox.swift in Sources */,
				5F9308F4214C5B960093FCD2 /* RBoolean.swift in Sources */,
				5F9308F6214C5EB10093FCD2 /* RCalculation.swift in Sources */,
				5FA41D72217A557A002637B0 /* RSyncSettings.swift in Sources */,
				5FA41D70217A5481002637B0 /* RSettings.swift in Sources */,
				5F35572B215ED2C600E9EE99 /* RDivider.swift in Sources */,
				5F9308ED214C587E0093FCD2 /* RTeam.swift in Sources */,
			);
			runOnlyForDeploymentPostprocessing = 0;
		};
/* End PBXSourcesBuildPhase section */

/* Begin PBXVariantGroup section */
		5F9308DA214C53F40093FCD2 /* Main.storyboard */ = {
			isa = PBXVariantGroup;
			children = (
				5F9308DB214C53F40093FCD2 /* Base */,
			);
			name = Main.storyboard;
			sourceTree = "<group>";
		};
		5F9308DF214C53F40093FCD2 /* LaunchScreen.storyboard */ = {
			isa = PBXVariantGroup;
			children = (
				5F9308E0214C53F40093FCD2 /* Base */,
			);
			name = LaunchScreen.storyboard;
			sourceTree = "<group>";
		};
/* End PBXVariantGroup section */

/* Begin XCBuildConfiguration section */
		5F9308E3214C53F40093FCD2 /* Debug */ = {
			isa = XCBuildConfiguration;
			buildSettings = {
				ALWAYS_SEARCH_USER_PATHS = NO;
				CLANG_ANALYZER_NONNULL = YES;
				CLANG_ANALYZER_NUMBER_OBJECT_CONVERSION = YES_AGGRESSIVE;
				CLANG_CXX_LANGUAGE_STANDARD = "gnu++14";
				CLANG_CXX_LIBRARY = "libc++";
				CLANG_ENABLE_MODULES = YES;
				CLANG_ENABLE_OBJC_ARC = YES;
				CLANG_WARN_BLOCK_CAPTURE_AUTORELEASING = YES;
				CLANG_WARN_BOOL_CONVERSION = YES;
				CLANG_WARN_COMMA = YES;
				CLANG_WARN_CONSTANT_CONVERSION = YES;
				CLANG_WARN_DIRECT_OBJC_ISA_USAGE = YES_ERROR;
				CLANG_WARN_DOCUMENTATION_COMMENTS = YES;
				CLANG_WARN_EMPTY_BODY = YES;
				CLANG_WARN_ENUM_CONVERSION = YES;
				CLANG_WARN_INFINITE_RECURSION = YES;
				CLANG_WARN_INT_CONVERSION = YES;
				CLANG_WARN_NON_LITERAL_NULL_CONVERSION = YES;
				CLANG_WARN_OBJC_LITERAL_CONVERSION = YES;
				CLANG_WARN_OBJC_ROOT_CLASS = YES_ERROR;
				CLANG_WARN_RANGE_LOOP_ANALYSIS = YES;
				CLANG_WARN_STRICT_PROTOTYPES = YES;
				CLANG_WARN_SUSPICIOUS_MOVE = YES;
				CLANG_WARN_UNGUARDED_AVAILABILITY = YES_AGGRESSIVE;
				CLANG_WARN_UNREACHABLE_CODE = YES;
				CLANG_WARN__DUPLICATE_METHOD_MATCH = YES;
				CODE_SIGN_IDENTITY = "iPhone Developer";
				COPY_PHASE_STRIP = NO;
				DEBUG_INFORMATION_FORMAT = dwarf;
				ENABLE_STRICT_OBJC_MSGSEND = YES;
				ENABLE_TESTABILITY = YES;
				GCC_C_LANGUAGE_STANDARD = gnu11;
				GCC_DYNAMIC_NO_PIC = NO;
				GCC_NO_COMMON_BLOCKS = YES;
				GCC_OPTIMIZATION_LEVEL = 0;
				GCC_PREPROCESSOR_DEFINITIONS = (
					"DEBUG=1",
					"$(inherited)",
				);
				GCC_WARN_64_TO_32_BIT_CONVERSION = YES;
				GCC_WARN_ABOUT_RETURN_TYPE = YES_ERROR;
				GCC_WARN_UNDECLARED_SELECTOR = YES;
				GCC_WARN_UNINITIALIZED_AUTOS = YES_AGGRESSIVE;
				GCC_WARN_UNUSED_FUNCTION = YES;
				GCC_WARN_UNUSED_VARIABLE = YES;
				IPHONEOS_DEPLOYMENT_TARGET = 11.0;
				MTL_ENABLE_DEBUG_INFO = YES;
				ONLY_ACTIVE_ARCH = YES;
				SDKROOT = iphoneos;
				SWIFT_ACTIVE_COMPILATION_CONDITIONS = DEBUG;
				SWIFT_OPTIMIZATION_LEVEL = "-Onone";
			};
			name = Debug;
		};
		5F9308E4214C53F40093FCD2 /* Release */ = {
			isa = XCBuildConfiguration;
			buildSettings = {
				ALWAYS_SEARCH_USER_PATHS = NO;
				CLANG_ANALYZER_NONNULL = YES;
				CLANG_ANALYZER_NUMBER_OBJECT_CONVERSION = YES_AGGRESSIVE;
				CLANG_CXX_LANGUAGE_STANDARD = "gnu++14";
				CLANG_CXX_LIBRARY = "libc++";
				CLANG_ENABLE_MODULES = YES;
				CLANG_ENABLE_OBJC_ARC = YES;
				CLANG_WARN_BLOCK_CAPTURE_AUTORELEASING = YES;
				CLANG_WARN_BOOL_CONVERSION = YES;
				CLANG_WARN_COMMA = YES;
				CLANG_WARN_CONSTANT_CONVERSION = YES;
				CLANG_WARN_DIRECT_OBJC_ISA_USAGE = YES_ERROR;
				CLANG_WARN_DOCUMENTATION_COMMENTS = YES;
				CLANG_WARN_EMPTY_BODY = YES;
				CLANG_WARN_ENUM_CONVERSION = YES;
				CLANG_WARN_INFINITE_RECURSION = YES;
				CLANG_WARN_INT_CONVERSION = YES;
				CLANG_WARN_NON_LITERAL_NULL_CONVERSION = YES;
				CLANG_WARN_OBJC_LITERAL_CONVERSION = YES;
				CLANG_WARN_OBJC_ROOT_CLASS = YES_ERROR;
				CLANG_WARN_RANGE_LOOP_ANALYSIS = YES;
				CLANG_WARN_STRICT_PROTOTYPES = YES;
				CLANG_WARN_SUSPICIOUS_MOVE = YES;
				CLANG_WARN_UNGUARDED_AVAILABILITY = YES_AGGRESSIVE;
				CLANG_WARN_UNREACHABLE_CODE = YES;
				CLANG_WARN__DUPLICATE_METHOD_MATCH = YES;
				CODE_SIGN_IDENTITY = "iPhone Developer";
				COPY_PHASE_STRIP = NO;
				DEBUG_INFORMATION_FORMAT = "dwarf-with-dsym";
				ENABLE_NS_ASSERTIONS = NO;
				ENABLE_STRICT_OBJC_MSGSEND = YES;
				GCC_C_LANGUAGE_STANDARD = gnu11;
				GCC_NO_COMMON_BLOCKS = YES;
				GCC_WARN_64_TO_32_BIT_CONVERSION = YES;
				GCC_WARN_ABOUT_RETURN_TYPE = YES_ERROR;
				GCC_WARN_UNDECLARED_SELECTOR = YES;
				GCC_WARN_UNINITIALIZED_AUTOS = YES_AGGRESSIVE;
				GCC_WARN_UNUSED_FUNCTION = YES;
				GCC_WARN_UNUSED_VARIABLE = YES;
				IPHONEOS_DEPLOYMENT_TARGET = 11.0;
				MTL_ENABLE_DEBUG_INFO = NO;
				SDKROOT = iphoneos;
				SWIFT_OPTIMIZATION_LEVEL = "-Owholemodule";
				VALIDATE_PRODUCT = YES;
			};
			name = Release;
		};
		5F9308E6214C53F40093FCD2 /* Debug */ = {
			isa = XCBuildConfiguration;
			buildSettings = {
				ASSETCATALOG_COMPILER_APPICON_NAME = AppIcon;
				CODE_SIGN_STYLE = Automatic;
				INFOPLIST_FILE = RobluScouterIOS/Info.plist;
				LD_RUNPATH_SEARCH_PATHS = "$(inherited) @executable_path/Frameworks";
				PRODUCT_BUNDLE_IDENTIFIER = com.roblu.RobluScouterIOS;
				PRODUCT_NAME = "$(TARGET_NAME)";
				SWIFT_VERSION = 4.0;
				TARGETED_DEVICE_FAMILY = "1,2";
			};
			name = Debug;
		};
		5F9308E7214C53F40093FCD2 /* Release */ = {
			isa = XCBuildConfiguration;
			buildSettings = {
				ASSETCATALOG_COMPILER_APPICON_NAME = AppIcon;
				CODE_SIGN_STYLE = Automatic;
				INFOPLIST_FILE = RobluScouterIOS/Info.plist;
				LD_RUNPATH_SEARCH_PATHS = "$(inherited) @executable_path/Frameworks";
				PRODUCT_BUNDLE_IDENTIFIER = com.roblu.RobluScouterIOS;
				PRODUCT_NAME = "$(TARGET_NAME)";
				SWIFT_VERSION = 4.0;
				TARGETED_DEVICE_FAMILY = "1,2";
			};
			name = Release;
		};
/* End XCBuildConfiguration section */

/* Begin XCConfigurationList section */
		5F9308CE214C53F40093FCD2 /* Build configuration list for PBXProject "RobluScouterIOS" */ = {
			isa = XCConfigurationList;
			buildConfigurations = (
				5F9308E3214C53F40093FCD2 /* Debug */,
				5F9308E4214C53F40093FCD2 /* Release */,
			);
			defaultConfigurationIsVisible = 0;
			defaultConfigurationName = Release;
		};
		5F9308E5214C53F40093FCD2 /* Build configuration list for PBXNativeTarget "RobluScouterIOS" */ = {
			isa = XCConfigurationList;
			buildConfigurations = (
				5F9308E6214C53F40093FCD2 /* Debug */,
				5F9308E7214C53F40093FCD2 /* Release */,
			);
			defaultConfigurationIsVisible = 0;
			defaultConfigurationName = Release;
		};
/* End XCConfigurationList section */
	};
	rootObject = 5F9308CB214C53F40093FCD2 /* Project object */;
}
